
Microsoft Visual Studio Solution File, Format Version 12.00
# Visual Studio Version 16
VisualStudioVersion = 16.0.29521.150
MinimumVisualStudioVersion = 10.0.40219.1
Project("{9A19103F-16F7-4668-BE54-9A1E7A4F7556}") = "CarBooking", "CarBooking\CarBooking.csproj", "{DEB2007A-0175-4CB3-96B3-40B0DBA1F438}"
EndProject
Project("{9A19103F-16F7-4668-BE54-9A1E7A4F7556}") = "CarBooking.API", "CarBooking.API\CarBooking.API.csproj", "{421495BF-4F4E-4786-92D2-2596F1A830D9}"
EndProject
Project("{E53339B2-1760-4266-BCC7-CA923CBCF16C}") = "docker-compose", "docker-compose.dcproj", "{BEC62CAF-1332-4134-BB01-D39B1157ABEF}"
EndProject
Global
	GlobalSection(SolutionConfigurationPlatforms) = preSolution
		Debug|Any CPU = Debug|Any CPU
		Release|Any CPU = Release|Any CPU
	EndGlobalSection
	GlobalSection(ProjectConfigurationPlatforms) = postSolution
		{DEB2007A-0175-4CB3-96B3-40B0DBA1F438}.Debug|Any CPU.ActiveCfg = Debug|Any CPU
		{DEB2007A-0175-4CB3-96B3-40B0DBA1F438}.Debug|Any CPU.Build.0 = Debug|Any CPU
		{DEB2007A-0175-4CB3-96B3-40B0DBA1F438}.Release|Any CPU.ActiveCfg = Release|Any CPU
		{DEB2007A-0175-4CB3-96B3-40B0DBA1F438}.Release|Any CPU.Build.0 = Release|Any CPU
		{421495BF-4F4E-4786-92D2-2596F1A830D9}.Debug|Any CPU.ActiveCfg = Debug|Any CPU
		{421495BF-4F4E-4786-92D2-2596F1A830D9}.Debug|Any CPU.Build.0 = Debug|Any CPU
		{421495BF-4F4E-4786-92D2-2596F1A830D9}.Release|Any CPU.ActiveCfg = Release|Any CPU
		{421495BF-4F4E-4786-92D2-2596F1A830D9}.Release|Any CPU.Build.0 = Release|Any CPU
		{BEC62CAF-1332-4134-BB01-D39B1157ABEF}.Debug|Any CPU.ActiveCfg = Debug|Any CPU
		{BEC62CAF-1332-4134-BB01-D39B1157ABEF}.Debug|Any CPU.Build.0 = Debug|Any CPU
		{BEC62CAF-1332-4134-BB01-D39B1157ABEF}.Release|Any CPU.ActiveCfg = Release|Any CPU
		{BEC62CAF-1332-4134-BB01-D39B1157ABEF}.Release|Any CPU.Build.0 = Release|Any CPU
	EndGlobalSection
	GlobalSection(SolutionProperties) = preSolution
		HideSolutionNode = FALSE
	EndGlobalSection
	GlobalSection(ExtensibilityGlobals) = postSolution
		SolutionGuid = {EADD7F33-5866-463B-8F75-CD764C4502C9}
	EndGlobalSection
EndGlobal
